
Microsoft Visual Studio Solution File, Format Version 12.00
# Visual Studio Version 17
VisualStudioVersion = 17.11.35222.181
MinimumVisualStudioVersion = 10.0.40219.1
Project("{FAE04EC0-301F-11D3-BF4B-00C04F79EFBC}") = "HotelApp", "HotelApp\HotelApp.csproj", "{816E0414-E50A-4A4F-BD89-2798C88D0BBA}"
EndProject
Global
	GlobalSection(SolutionConfigurationPlatforms) = preSolution
		Debug|Any CPU = Debug|Any CPU
		Release|Any CPU = Release|Any CPU
	EndGlobalSection
	GlobalSection(ProjectConfigurationPlatforms) = postSolution
		{816E0414-E50A-4A4F-BD89-2798C88D0BBA}.Debug|Any CPU.ActiveCfg = Debug|Any CPU
		{816E0414-E50A-4A4F-BD89-2798C88D0BBA}.Debug|Any CPU.Build.0 = Debug|Any CPU
		{816E0414-E50A-4A4F-BD89-2798C88D0BBA}.Release|Any CPU.ActiveCfg = Release|Any CPU
		{816E0414-E50A-4A4F-BD89-2798C88D0BBA}.Release|Any CPU.Build.0 = Release|Any CPU
	EndGlobalSection
	GlobalSection(SolutionProperties) = preSolution
		HideSolutionNode = FALSE
	EndGlobalSection
	GlobalSection(ExtensibilityGlobals) = postSolution
		SolutionGuid = {1ECF26A3-9FF4-42FE-A598-E4CF58327BC6}
	EndGlobalSection
EndGlobal
